
Microsoft Visual Studio Solution File, Format Version 12.00
# Visual Studio 15
VisualStudioVersion = 15.0.26124.0
MinimumVisualStudioVersion = 15.0.26124.0
Project("{2150E333-8FDC-42A3-9474-1A3956D46DE8}") = "src", "src", "{C89BDC68-AF6B-43E9-AC25-8A6C00C6FF47}"
EndProject
Project("{FAE04EC0-301F-11D3-BF4B-00C04F79EFBC}") = "AbsenceManager", "src\AbsenceManager\AbsenceManager.csproj", "{EF52CECC-8B38-4172-B8CB-495B26FD03F9}"
EndProject
Project("{FAE04EC0-301F-11D3-BF4B-00C04F79EFBC}") = "Bastion", "src\Bastion\Bastion.csproj", "{3F6C8B70-256E-4358-AEB3-E37EB0F36273}"
EndProject
Project("{FAE04EC0-301F-11D3-BF4B-00C04F79EFBC}") = "NotificationEngine", "src\NotificationEngine\NotificationEngine.csproj", "{1B8A7206-D553-4910-9363-5160EB5769B6}"
EndProject
Project("{FAE04EC0-301F-11D3-BF4B-00C04F79EFBC}") = "StorageResourceAccess", "src\StorageResourceAccess\StorageResourceAccess.csproj", "{53B5B7B2-D1B1-48A6-B641-023E1B2B6BAA}"
EndProject
Project("{FAE04EC0-301F-11D3-BF4B-00C04F79EFBC}") = "Web", "src\Web\Web.csproj", "{EBAD99F8-C85A-41DD-AB0C-343EAC3C5DFB}"
EndProject
Global
	GlobalSection(SolutionConfigurationPlatforms) = preSolution
		Debug|Any CPU = Debug|Any CPU
		Debug|x64 = Debug|x64
		Debug|x86 = Debug|x86
		Release|Any CPU = Release|Any CPU
		Release|x64 = Release|x64
		Release|x86 = Release|x86
	EndGlobalSection
	GlobalSection(SolutionProperties) = preSolution
		HideSolutionNode = FALSE
	EndGlobalSection
	GlobalSection(ProjectConfigurationPlatforms) = postSolution
		{EF52CECC-8B38-4172-B8CB-495B26FD03F9}.Debug|Any CPU.ActiveCfg = Debug|Any CPU
		{EF52CECC-8B38-4172-B8CB-495B26FD03F9}.Debug|Any CPU.Build.0 = Debug|Any CPU
		{EF52CECC-8B38-4172-B8CB-495B26FD03F9}.Debug|x64.ActiveCfg = Debug|Any CPU
		{EF52CECC-8B38-4172-B8CB-495B26FD03F9}.Debug|x64.Build.0 = Debug|Any CPU
		{EF52CECC-8B38-4172-B8CB-495B26FD03F9}.Debug|x86.ActiveCfg = Debug|Any CPU
		{EF52CECC-8B38-4172-B8CB-495B26FD03F9}.Debug|x86.Build.0 = Debug|Any CPU
		{EF52CECC-8B38-4172-B8CB-495B26FD03F9}.Release|Any CPU.ActiveCfg = Release|Any CPU
		{EF52CECC-8B38-4172-B8CB-495B26FD03F9}.Release|Any CPU.Build.0 = Release|Any CPU
		{EF52CECC-8B38-4172-B8CB-495B26FD03F9}.Release|x64.ActiveCfg = Release|Any CPU
		{EF52CECC-8B38-4172-B8CB-495B26FD03F9}.Release|x64.Build.0 = Release|Any CPU
		{EF52CECC-8B38-4172-B8CB-495B26FD03F9}.Release|x86.ActiveCfg = Release|Any CPU
		{EF52CECC-8B38-4172-B8CB-495B26FD03F9}.Release|x86.Build.0 = Release|Any CPU
		{3F6C8B70-256E-4358-AEB3-E37EB0F36273}.Debug|Any CPU.ActiveCfg = Debug|Any CPU
		{3F6C8B70-256E-4358-AEB3-E37EB0F36273}.Debug|Any CPU.Build.0 = Debug|Any CPU
		{3F6C8B70-256E-4358-AEB3-E37EB0F36273}.Debug|x64.ActiveCfg = Debug|Any CPU
		{3F6C8B70-256E-4358-AEB3-E37EB0F36273}.Debug|x64.Build.0 = Debug|Any CPU
		{3F6C8B70-256E-4358-AEB3-E37EB0F36273}.Debug|x86.ActiveCfg = Debug|Any CPU
		{3F6C8B70-256E-4358-AEB3-E37EB0F36273}.Debug|x86.Build.0 = Debug|Any CPU
		{3F6C8B70-256E-4358-AEB3-E37EB0F36273}.Release|Any CPU.ActiveCfg = Release|Any CPU
		{3F6C8B70-256E-4358-AEB3-E37EB0F36273}.Release|Any CPU.Build.0 = Release|Any CPU
		{3F6C8B70-256E-4358-AEB3-E37EB0F36273}.Release|x64.ActiveCfg = Release|Any CPU
		{3F6C8B70-256E-4358-AEB3-E37EB0F36273}.Release|x64.Build.0 = Release|Any CPU
		{3F6C8B70-256E-4358-AEB3-E37EB0F36273}.Release|x86.ActiveCfg = Release|Any CPU
		{3F6C8B70-256E-4358-AEB3-E37EB0F36273}.Release|x86.Build.0 = Release|Any CPU
		{1B8A7206-D553-4910-9363-5160EB5769B6}.Debug|Any CPU.ActiveCfg = Debug|Any CPU
		{1B8A7206-D553-4910-9363-5160EB5769B6}.Debug|Any CPU.Build.0 = Debug|Any CPU
		{1B8A7206-D553-4910-9363-5160EB5769B6}.Debug|x64.ActiveCfg = Debug|Any CPU
		{1B8A7206-D553-4910-9363-5160EB5769B6}.Debug|x64.Build.0 = Debug|Any CPU
		{1B8A7206-D553-4910-9363-5160EB5769B6}.Debug|x86.ActiveCfg = Debug|Any CPU
		{1B8A7206-D553-4910-9363-5160EB5769B6}.Debug|x86.Build.0 = Debug|Any CPU
		{1B8A7206-D553-4910-9363-5160EB5769B6}.Release|Any CPU.ActiveCfg = Release|Any CPU
		{1B8A7206-D553-4910-9363-5160EB5769B6}.Release|Any CPU.Build.0 = Release|Any CPU
		{1B8A7206-D553-4910-9363-5160EB5769B6}.Release|x64.ActiveCfg = Release|Any CPU
		{1B8A7206-D553-4910-9363-5160EB5769B6}.Release|x64.Build.0 = Release|Any CPU
		{1B8A7206-D553-4910-9363-5160EB5769B6}.Release|x86.ActiveCfg = Release|Any CPU
		{1B8A7206-D553-4910-9363-5160EB5769B6}.Release|x86.Build.0 = Release|Any CPU
		{53B5B7B2-D1B1-48A6-B641-023E1B2B6BAA}.Debug|Any CPU.ActiveCfg = Debug|Any CPU
		{53B5B7B2-D1B1-48A6-B641-023E1B2B6BAA}.Debug|Any CPU.Build.0 = Debug|Any CPU
		{53B5B7B2-D1B1-48A6-B641-023E1B2B6BAA}.Debug|x64.ActiveCfg = Debug|Any CPU
		{53B5B7B2-D1B1-48A6-B641-023E1B2B6BAA}.Debug|x64.Build.0 = Debug|Any CPU
		{53B5B7B2-D1B1-48A6-B641-023E1B2B6BAA}.Debug|x86.ActiveCfg = Debug|Any CPU
		{53B5B7B2-D1B1-48A6-B641-023E1B2B6BAA}.Debug|x86.Build.0 = Debug|Any CPU
		{53B5B7B2-D1B1-48A6-B641-023E1B2B6BAA}.Release|Any CPU.ActiveCfg = Release|Any CPU
		{53B5B7B2-D1B1-48A6-B641-023E1B2B6BAA}.Release|Any CPU.Build.0 = Release|Any CPU
		{53B5B7B2-D1B1-48A6-B641-023E1B2B6BAA}.Release|x64.ActiveCfg = Release|Any CPU
		{53B5B7B2-D1B1-48A6-B641-023E1B2B6BAA}.Release|x64.Build.0 = Release|Any CPU
		{53B5B7B2-D1B1-48A6-B641-023E1B2B6BAA}.Release|x86.ActiveCfg = Release|Any CPU
		{53B5B7B2-D1B1-48A6-B641-023E1B2B6BAA}.Release|x86.Build.0 = Release|Any CPU
		{EBAD99F8-C85A-41DD-AB0C-343EAC3C5DFB}.Debug|Any CPU.ActiveCfg = Debug|Any CPU
		{EBAD99F8-C85A-41DD-AB0C-343EAC3C5DFB}.Debug|Any CPU.Build.0 = Debug|Any CPU
		{EBAD99F8-C85A-41DD-AB0C-343EAC3C5DFB}.Debug|x64.ActiveCfg = Debug|Any CPU
		{EBAD99F8-C85A-41DD-AB0C-343EAC3C5DFB}.Debug|x64.Build.0 = Debug|Any CPU
		{EBAD99F8-C85A-41DD-AB0C-343EAC3C5DFB}.Debug|x86.ActiveCfg = Debug|Any CPU
		{EBAD99F8-C85A-41DD-AB0C-343EAC3C5DFB}.Debug|x86.Build.0 = Debug|Any CPU
		{EBAD99F8-C85A-41DD-AB0C-343EAC3C5DFB}.Release|Any CPU.ActiveCfg = Release|Any CPU
		{EBAD99F8-C85A-41DD-AB0C-343EAC3C5DFB}.Release|Any CPU.Build.0 = Release|Any CPU
		{EBAD99F8-C85A-41DD-AB0C-343EAC3C5DFB}.Release|x64.ActiveCfg = Release|Any CPU
		{EBAD99F8-C85A-41DD-AB0C-343EAC3C5DFB}.Release|x64.Build.0 = Release|Any CPU
		{EBAD99F8-C85A-41DD-AB0C-343EAC3C5DFB}.Release|x86.ActiveCfg = Release|Any CPU
		{EBAD99F8-C85A-41DD-AB0C-343EAC3C5DFB}.Release|x86.Build.0 = Release|Any CPU
	EndGlobalSection
	GlobalSection(NestedProjects) = preSolution
		{EF52CECC-8B38-4172-B8CB-495B26FD03F9} = {C89BDC68-AF6B-43E9-AC25-8A6C00C6FF47}
		{3F6C8B70-256E-4358-AEB3-E37EB0F36273} = {C89BDC68-AF6B-43E9-AC25-8A6C00C6FF47}
		{1B8A7206-D553-4910-9363-5160EB5769B6} = {C89BDC68-AF6B-43E9-AC25-8A6C00C6FF47}
		{53B5B7B2-D1B1-48A6-B641-023E1B2B6BAA} = {C89BDC68-AF6B-43E9-AC25-8A6C00C6FF47}
		{EBAD99F8-C85A-41DD-AB0C-343EAC3C5DFB} = {C89BDC68-AF6B-43E9-AC25-8A6C00C6FF47}
	EndGlobalSection
EndGlobal
